
Microsoft Visual Studio Solution File, Format Version 12.00
# Visual Studio Version 17
VisualStudioVersion = 17.4.33213.308
MinimumVisualStudioVersion = 10.0.40219.1
Project("{FAE04EC0-301F-11D3-BF4B-00C04F79EFBC}") = "MatchingGameСадовская", "MatchingGameСадовская.csproj", "{D0EFCFF0-8C6B-4EB9-A94D-56849192016F}"
EndProject
Global
	GlobalSection(SolutionConfigurationPlatforms) = preSolution
		Debug|Any CPU = Debug|Any CPU
		Release|Any CPU = Release|Any CPU
	EndGlobalSection
	GlobalSection(ProjectConfigurationPlatforms) = postSolution
		{D0EFCFF0-8C6B-4EB9-A94D-56849192016F}.Debug|Any CPU.ActiveCfg = Debug|Any CPU
		{D0EFCFF0-8C6B-4EB9-A94D-56849192016F}.Debug|Any CPU.Build.0 = Debug|Any CPU
		{D0EFCFF0-8C6B-4EB9-A94D-56849192016F}.Release|Any CPU.ActiveCfg = Release|Any CPU
		{D0EFCFF0-8C6B-4EB9-A94D-56849192016F}.Release|Any CPU.Build.0 = Release|Any CPU
	EndGlobalSection
	GlobalSection(SolutionProperties) = preSolution
		HideSolutionNode = FALSE
	EndGlobalSection
	GlobalSection(ExtensibilityGlobals) = postSolution
		SolutionGuid = {9CAF2E58-C61C-4C04-A890-6B7F23653A1C}
	EndGlobalSection
EndGlobal
